// !$*UTF8*$!
{
	archiveVersion = 1;
	classes = {
	};
	objectVersion = 51;
	objects = {

/* Begin PBXBuildFile section */
		6805D81B233AA8F500B48458 /* Coordinate.swift in Sources */ = {isa = PBXBuildFile; fileRef = 6805D81A233AA8F500B48458 /* Coordinate.swift */; };
		680A1F66232182F200A66340 /* AddPackageButton.swift in Sources */ = {isa = PBXBuildFile; fileRef = 680A1F65232182F200A66340 /* AddPackageButton.swift */; };
		680A1F6B23301D3B00A66340 /* EnvironmentVariables.swift in Sources */ = {isa = PBXBuildFile; fileRef = 680A1F6A23301D3B00A66340 /* EnvironmentVariables.swift */; };
		680A1F6D23312BE800A66340 /* AddPackageModalVC.swift in Sources */ = {isa = PBXBuildFile; fileRef = 680A1F6C23312BE800A66340 /* AddPackageModalVC.swift */; };
		681168272308614D0061377A /* CoreDataManager.swift in Sources */ = {isa = PBXBuildFile; fileRef = 681168262308614D0061377A /* CoreDataManager.swift */; };
		6811682923089F580061377A /* PackagesViewModel.swift in Sources */ = {isa = PBXBuildFile; fileRef = 6811682823089F580061377A /* PackagesViewModel.swift */; };
		6811682D2308D1490061377A /* BackendService.swift in Sources */ = {isa = PBXBuildFile; fileRef = 6811682C2308D1490061377A /* BackendService.swift */; };
		6811682F2308D1800061377A /* JSONModels.swift in Sources */ = {isa = PBXBuildFile; fileRef = 6811682E2308D1800061377A /* JSONModels.swift */; };
		681168322313701E0061377A /* TrackingHistoryController.swift in Sources */ = {isa = PBXBuildFile; fileRef = 681168312313701E0061377A /* TrackingHistoryController.swift */; };
		68116835231370700061377A /* TrackingHistoryViewModel.swift in Sources */ = {isa = PBXBuildFile; fileRef = 68116834231370700061377A /* TrackingHistoryViewModel.swift */; };
		68116837231386410061377A /* TrackingHistoryCell.swift in Sources */ = {isa = PBXBuildFile; fileRef = 68116836231386410061377A /* TrackingHistoryCell.swift */; };
		6811683923138E820061377A /* TrackingHistoryController+TableView.swift in Sources */ = {isa = PBXBuildFile; fileRef = 6811683823138E820061377A /* TrackingHistoryController+TableView.swift */; };
		6811683B231C14340061377A /* DaysLeftView.swift in Sources */ = {isa = PBXBuildFile; fileRef = 6811683A231C14340061377A /* DaysLeftView.swift */; };
		681364F0231E0C6800C996EB /* mapStyle.json in Resources */ = {isa = PBXBuildFile; fileRef = 681364EF231E0C6800C996EB /* mapStyle.json */; };
		68650A77236F3CFB002801D2 /* UITextField+helpers.swift in Sources */ = {isa = PBXBuildFile; fileRef = 68650A76236F3CFB002801D2 /* UITextField+helpers.swift */; };
		686C866022FFC7C200B23059 /* AppDelegate.swift in Sources */ = {isa = PBXBuildFile; fileRef = 686C865F22FFC7C200B23059 /* AppDelegate.swift */; };
		686C866422FFC7C200B23059 /* PackagesController.swift in Sources */ = {isa = PBXBuildFile; fileRef = 686C866322FFC7C200B23059 /* PackagesController.swift */; };
		686C866922FFC7C300B23059 /* Assets.xcassets in Resources */ = {isa = PBXBuildFile; fileRef = 686C866822FFC7C300B23059 /* Assets.xcassets */; };
		686C866C22FFC7C300B23059 /* LaunchScreen.storyboard in Resources */ = {isa = PBXBuildFile; fileRef = 686C866A22FFC7C300B23059 /* LaunchScreen.storyboard */; };
		686C86742301068E00B23059 /* SceneDelegate.swift in Sources */ = {isa = PBXBuildFile; fileRef = 686C86732301068E00B23059 /* SceneDelegate.swift */; };
		686C86772302598300B23059 /* PackageCell.swift in Sources */ = {isa = PBXBuildFile; fileRef = 686C86762302598300B23059 /* PackageCell.swift */; };
		686C867923025AD000B23059 /* Package.swift in Sources */ = {isa = PBXBuildFile; fileRef = 686C867823025AD000B23059 /* Package.swift */; };
		686C867B2304EF8E00B23059 /* PackagesController+CollectionView.swift in Sources */ = {isa = PBXBuildFile; fileRef = 686C867A2304EF8E00B23059 /* PackagesController+CollectionView.swift */; };
		686C867E2304FD2F00B23059 /* PackageController.swift in Sources */ = {isa = PBXBuildFile; fileRef = 686C867D2304FD2F00B23059 /* PackageController.swift */; };
		686C86812304FE7300B23059 /* UiColor+Theme.swift in Sources */ = {isa = PBXBuildFile; fileRef = 686C86802304FE7300B23059 /* UiColor+Theme.swift */; };
		686C868623064FF400B23059 /* UIView+helpers.swift in Sources */ = {isa = PBXBuildFile; fileRef = 686C868523064FF400B23059 /* UIView+helpers.swift */; };
		68759A8D236F51D3002E493C /* AddPackageModal+UIPickerViewDataSource.swift in Sources */ = {isa = PBXBuildFile; fileRef = 68759A8C236F51D3002E493C /* AddPackageModal+UIPickerViewDataSource.swift */; };
		68759A8F236F5531002E493C /* AddPackageModal+ UIPickerViewDelegate.swift in Sources */ = {isa = PBXBuildFile; fileRef = 68759A8E236F5531002E493C /* AddPackageModal+ UIPickerViewDelegate.swift */; };
		68759A9123709463002E493C /* ToolbarPickerView.swift in Sources */ = {isa = PBXBuildFile; fileRef = 68759A9023709462002E493C /* ToolbarPickerView.swift */; };
		68759AB523734FA1002E493C /* PackageBackgroundShapeView.swift in Sources */ = {isa = PBXBuildFile; fileRef = 68759AB423734FA1002E493C /* PackageBackgroundShapeView.swift */; };
		68759AB72373B217002E493C /* BlueBackgroundView.swift in Sources */ = {isa = PBXBuildFile; fileRef = 68759AB62373B217002E493C /* BlueBackgroundView.swift */; };
		68B91DF0236E08D50058F49F /* Carrier.swift in Sources */ = {isa = PBXBuildFile; fileRef = 68B91DEF236E08D50058F49F /* Carrier.swift */; };
		68CB6B9A23412A1800257ED1 /* GMapsController.swift in Sources */ = {isa = PBXBuildFile; fileRef = 68CB6B9923412A1700257ED1 /* GMapsController.swift */; };
		68F54EB82332B93A0052DA58 /* UIButton+helpers.swift in Sources */ = {isa = PBXBuildFile; fileRef = 68F54EB72332B93A0052DA58 /* UIButton+helpers.swift */; };
		68F54EBA23340AF80052DA58 /* UILabel+helpers.swift in Sources */ = {isa = PBXBuildFile; fileRef = 68F54EB923340AF80052DA58 /* UILabel+helpers.swift */; };
		68F69940233A5695008CB7AF /* UIStackView+helpers.swift in Sources */ = {isa = PBXBuildFile; fileRef = 68F6993F233A5695008CB7AF /* UIStackView+helpers.swift */; };
		68F69942233A7B21008CB7AF /* GeocodingService.swift in Sources */ = {isa = PBXBuildFile; fileRef = 68F69941233A7B21008CB7AF /* GeocodingService.swift */; };
		68F753E62308433C008575AF /* PackTrackModels.xcdatamodeld in Sources */ = {isa = PBXBuildFile; fileRef = 68F753E42308433C008575AF /* PackTrackModels.xcdatamodeld */; };
		7E78B71D599DF88C24429F58 /* libPods-PackTrack.a in Frameworks */ = {isa = PBXBuildFile; fileRef = F45768AC3A43A21BD7457446 /* libPods-PackTrack.a */; };
/* End PBXBuildFile section */

/* Begin PBXFileReference section */
		05654B2B270C0C3B4CFE8E1B /* Pods-PackTrack.release.xcconfig */ = {isa = PBXFileReference; includeInIndex = 1; lastKnownFileType = text.xcconfig; name = "Pods-PackTrack.release.xcconfig"; path = "Target Support Files/Pods-PackTrack/Pods-PackTrack.release.xcconfig"; sourceTree = "<group>"; };
		6805D81A233AA8F500B48458 /* Coordinate.swift */ = {isa = PBXFileReference; lastKnownFileType = sourcecode.swift; path = Coordinate.swift; sourceTree = "<group>"; };
		680A1F65232182F200A66340 /* AddPackageButton.swift */ = {isa = PBXFileReference; lastKnownFileType = sourcecode.swift; path = AddPackageButton.swift; sourceTree = "<group>"; };
		680A1F6A23301D3B00A66340 /* EnvironmentVariables.swift */ = {isa = PBXFileReference; lastKnownFileType = sourcecode.swift; path = EnvironmentVariables.swift; sourceTree = "<group>"; };
		680A1F6C23312BE800A66340 /* AddPackageModalVC.swift */ = {isa = PBXFileReference; lastKnownFileType = sourcecode.swift; path = AddPackageModalVC.swift; sourceTree = "<group>"; };
		681168262308614D0061377A /* CoreDataManager.swift */ = {isa = PBXFileReference; lastKnownFileType = sourcecode.swift; path = CoreDataManager.swift; sourceTree = "<group>"; };
		6811682823089F580061377A /* PackagesViewModel.swift */ = {isa = PBXFileReference; lastKnownFileType = sourcecode.swift; path = PackagesViewModel.swift; sourceTree = "<group>"; };
		6811682C2308D1490061377A /* BackendService.swift */ = {isa = PBXFileReference; lastKnownFileType = sourcecode.swift; path = BackendService.swift; sourceTree = "<group>"; };
		6811682E2308D1800061377A /* JSONModels.swift */ = {isa = PBXFileReference; lastKnownFileType = sourcecode.swift; path = JSONModels.swift; sourceTree = "<group>"; };
		681168312313701E0061377A /* TrackingHistoryController.swift */ = {isa = PBXFileReference; lastKnownFileType = sourcecode.swift; path = TrackingHistoryController.swift; sourceTree = "<group>"; };
		68116834231370700061377A /* TrackingHistoryViewModel.swift */ = {isa = PBXFileReference; lastKnownFileType = sourcecode.swift; path = TrackingHistoryViewModel.swift; sourceTree = "<group>"; };
		68116836231386410061377A /* TrackingHistoryCell.swift */ = {isa = PBXFileReference; lastKnownFileType = sourcecode.swift; path = TrackingHistoryCell.swift; sourceTree = "<group>"; };
		6811683823138E820061377A /* TrackingHistoryController+TableView.swift */ = {isa = PBXFileReference; lastKnownFileType = sourcecode.swift; path = "TrackingHistoryController+TableView.swift"; sourceTree = "<group>"; };
		6811683A231C14340061377A /* DaysLeftView.swift */ = {isa = PBXFileReference; lastKnownFileType = sourcecode.swift; path = DaysLeftView.swift; sourceTree = "<group>"; };
		681364EF231E0C6800C996EB /* mapStyle.json */ = {isa = PBXFileReference; lastKnownFileType = text.json; path = mapStyle.json; sourceTree = "<group>"; };
		68650A76236F3CFB002801D2 /* UITextField+helpers.swift */ = {isa = PBXFileReference; lastKnownFileType = sourcecode.swift; path = "UITextField+helpers.swift"; sourceTree = "<group>"; };
		686C865C22FFC7C200B23059 /* PackTrack.app */ = {isa = PBXFileReference; explicitFileType = wrapper.application; includeInIndex = 0; path = PackTrack.app; sourceTree = BUILT_PRODUCTS_DIR; };
		686C865F22FFC7C200B23059 /* AppDelegate.swift */ = {isa = PBXFileReference; lastKnownFileType = sourcecode.swift; path = AppDelegate.swift; sourceTree = "<group>"; };
		686C866322FFC7C200B23059 /* PackagesController.swift */ = {isa = PBXFileReference; lastKnownFileType = sourcecode.swift; path = PackagesController.swift; sourceTree = "<group>"; };
		686C866822FFC7C300B23059 /* Assets.xcassets */ = {isa = PBXFileReference; lastKnownFileType = folder.assetcatalog; path = Assets.xcassets; sourceTree = "<group>"; };
		686C866B22FFC7C300B23059 /* Base */ = {isa = PBXFileReference; lastKnownFileType = file.storyboard; name = Base; path = Base.lproj/LaunchScreen.storyboard; sourceTree = "<group>"; };
		686C866D22FFC7C300B23059 /* Info.plist */ = {isa = PBXFileReference; lastKnownFileType = text.plist.xml; path = Info.plist; sourceTree = "<group>"; };
		686C86732301068E00B23059 /* SceneDelegate.swift */ = {isa = PBXFileReference; fileEncoding = 4; lastKnownFileType = sourcecode.swift; path = SceneDelegate.swift; sourceTree = "<group>"; };
		686C86762302598300B23059 /* PackageCell.swift */ = {isa = PBXFileReference; lastKnownFileType = sourcecode.swift; path = PackageCell.swift; sourceTree = "<group>"; };
		686C867823025AD000B23059 /* Package.swift */ = {isa = PBXFileReference; lastKnownFileType = sourcecode.swift; path = Package.swift; sourceTree = "<group>"; };
		686C867A2304EF8E00B23059 /* PackagesController+CollectionView.swift */ = {isa = PBXFileReference; lastKnownFileType = sourcecode.swift; path = "PackagesController+CollectionView.swift"; sourceTree = "<group>"; };
		686C867D2304FD2F00B23059 /* PackageController.swift */ = {isa = PBXFileReference; lastKnownFileType = sourcecode.swift; path = PackageController.swift; sourceTree = "<group>"; };
		686C86802304FE7300B23059 /* UiColor+Theme.swift */ = {isa = PBXFileReference; lastKnownFileType = sourcecode.swift; path = "UiColor+Theme.swift"; sourceTree = "<group>"; };
		686C868523064FF400B23059 /* UIView+helpers.swift */ = {isa = PBXFileReference; lastKnownFileType = sourcecode.swift; path = "UIView+helpers.swift"; sourceTree = "<group>"; };
		68759A8C236F51D3002E493C /* AddPackageModal+UIPickerViewDataSource.swift */ = {isa = PBXFileReference; lastKnownFileType = sourcecode.swift; path = "AddPackageModal+UIPickerViewDataSource.swift"; sourceTree = "<group>"; };
		68759A8E236F5531002E493C /* AddPackageModal+ UIPickerViewDelegate.swift */ = {isa = PBXFileReference; lastKnownFileType = sourcecode.swift; path = "AddPackageModal+ UIPickerViewDelegate.swift"; sourceTree = "<group>"; };
		68759A9023709462002E493C /* ToolbarPickerView.swift */ = {isa = PBXFileReference; lastKnownFileType = sourcecode.swift; path = ToolbarPickerView.swift; sourceTree = "<group>"; };
		68759AB423734FA1002E493C /* PackageBackgroundShapeView.swift */ = {isa = PBXFileReference; lastKnownFileType = sourcecode.swift; path = PackageBackgroundShapeView.swift; sourceTree = "<group>"; };
		68759AB62373B217002E493C /* BlueBackgroundView.swift */ = {isa = PBXFileReference; lastKnownFileType = sourcecode.swift; path = BlueBackgroundView.swift; sourceTree = "<group>"; };
		68B91DEF236E08D50058F49F /* Carrier.swift */ = {isa = PBXFileReference; lastKnownFileType = sourcecode.swift; path = Carrier.swift; sourceTree = "<group>"; };
		68CB6B9923412A1700257ED1 /* GMapsController.swift */ = {isa = PBXFileReference; lastKnownFileType = sourcecode.swift; path = GMapsController.swift; sourceTree = "<group>"; };
		68F54EB72332B93A0052DA58 /* UIButton+helpers.swift */ = {isa = PBXFileReference; lastKnownFileType = sourcecode.swift; path = "UIButton+helpers.swift"; sourceTree = "<group>"; };
		68F54EB923340AF80052DA58 /* UILabel+helpers.swift */ = {isa = PBXFileReference; lastKnownFileType = sourcecode.swift; path = "UILabel+helpers.swift"; sourceTree = "<group>"; };
		68F6993F233A5695008CB7AF /* UIStackView+helpers.swift */ = {isa = PBXFileReference; lastKnownFileType = sourcecode.swift; path = "UIStackView+helpers.swift"; sourceTree = "<group>"; };
		68F69941233A7B21008CB7AF /* GeocodingService.swift */ = {isa = PBXFileReference; lastKnownFileType = sourcecode.swift; path = GeocodingService.swift; sourceTree = "<group>"; };
		68F753E52308433C008575AF /* PackTrackModels.xcdatamodel */ = {isa = PBXFileReference; lastKnownFileType = wrapper.xcdatamodel; path = PackTrackModels.xcdatamodel; sourceTree = "<group>"; };
		6990F8442428F1D4B05DA5D7 /* Pods-PackTrack.debug.xcconfig */ = {isa = PBXFileReference; includeInIndex = 1; lastKnownFileType = text.xcconfig; name = "Pods-PackTrack.debug.xcconfig"; path = "Target Support Files/Pods-PackTrack/Pods-PackTrack.debug.xcconfig"; sourceTree = "<group>"; };
		F45768AC3A43A21BD7457446 /* libPods-PackTrack.a */ = {isa = PBXFileReference; explicitFileType = archive.ar; includeInIndex = 0; path = "libPods-PackTrack.a"; sourceTree = BUILT_PRODUCTS_DIR; };
/* End PBXFileReference section */

/* Begin PBXFrameworksBuildPhase section */
		686C865922FFC7C200B23059 /* Frameworks */ = {
			isa = PBXFrameworksBuildPhase;
			buildActionMask = 2147483647;
			files = (
				7E78B71D599DF88C24429F58 /* libPods-PackTrack.a in Frameworks */,
			);
			runOnlyForDeploymentPostprocessing = 0;
		};
/* End PBXFrameworksBuildPhase section */

/* Begin PBXGroup section */
		680A1F672327F71E00A66340 /* environment */ = {
			isa = PBXGroup;
			children = (
				680A1F6A23301D3B00A66340 /* EnvironmentVariables.swift */,
			);
			path = environment;
			sourceTree = "<group>";
		};
		680A1F6E23312C7000A66340 /* AddPackageModal */ = {
			isa = PBXGroup;
			children = (
				68B91DF1236F3A600058F49F /* Carrier */,
				680A1F6C23312BE800A66340 /* AddPackageModalVC.swift */,
			);
			path = AddPackageModal;
			sourceTree = "<group>";
		};
		6811682A2308CEC80061377A /* ViewModel */ = {
			isa = PBXGroup;
			children = (
				6811682823089F580061377A /* PackagesViewModel.swift */,
			);
			path = ViewModel;
			sourceTree = "<group>";
		};
		6811682B2308D1310061377A /* BackendAPI */ = {
			isa = PBXGroup;
			children = (
				6811682C2308D1490061377A /* BackendService.swift */,
				6811682E2308D1800061377A /* JSONModels.swift */,
			);
			path = BackendAPI;
			sourceTree = "<group>";
		};
		68116830231370080061377A /* TrackingHistory */ = {
			isa = PBXGroup;
			children = (
				68116833231370630061377A /* ViewModel */,
				681168312313701E0061377A /* TrackingHistoryController.swift */,
				68116836231386410061377A /* TrackingHistoryCell.swift */,
				6811683823138E820061377A /* TrackingHistoryController+TableView.swift */,
			);
			path = TrackingHistory;
			sourceTree = "<group>";
		};
		68116833231370630061377A /* ViewModel */ = {
			isa = PBXGroup;
			children = (
				68116834231370700061377A /* TrackingHistoryViewModel.swift */,
			);
			path = ViewModel;
			sourceTree = "<group>";
		};
		686C865322FFC7C200B23059 = {
			isa = PBXGroup;
			children = (
				681364EF231E0C6800C996EB /* mapStyle.json */,
				686C865E22FFC7C200B23059 /* PackTrack */,
				686C865D22FFC7C200B23059 /* Products */,
				84528AF1FFD4FCFCD9A71192 /* Pods */,
				E5E61E8BBBEA524C74841374 /* Frameworks */,
			);
			sourceTree = "<group>";
		};
		686C865D22FFC7C200B23059 /* Products */ = {
			isa = PBXGroup;
			children = (
				686C865C22FFC7C200B23059 /* PackTrack.app */,
			);
			name = Products;
			sourceTree = "<group>";
		};
		686C865E22FFC7C200B23059 /* PackTrack */ = {
			isa = PBXGroup;
			children = (
				68CB6B9B2341923300257ED1 /* GoogleCloud */,
				680A1F672327F71E00A66340 /* environment */,
				68F753E42308433C008575AF /* PackTrackModels.xcdatamodeld */,
				686C867F2304FE6300B23059 /* extensions */,
				686C867C2304FD1A00B23059 /* Package */,
				686C867523024A9200B23059 /* Packages */,
				686C865F22FFC7C200B23059 /* AppDelegate.swift */,
				686C86732301068E00B23059 /* SceneDelegate.swift */,
				681168262308614D0061377A /* CoreDataManager.swift */,
				686C866822FFC7C300B23059 /* Assets.xcassets */,
				686C866A22FFC7C300B23059 /* LaunchScreen.storyboard */,
				686C866D22FFC7C300B23059 /* Info.plist */,
			);
			path = PackTrack;
			sourceTree = "<group>";
		};
		686C867523024A9200B23059 /* Packages */ = {
			isa = PBXGroup;
			children = (
				6873585923831255005A57B9 /* View */,
				680A1F6E23312C7000A66340 /* AddPackageModal */,
				6811682B2308D1310061377A /* BackendAPI */,
				6811682A2308CEC80061377A /* ViewModel */,
				686C866322FFC7C200B23059 /* PackagesController.swift */,
				686C867823025AD000B23059 /* Package.swift */,
				686C867A2304EF8E00B23059 /* PackagesController+CollectionView.swift */,
			);
			path = Packages;
			sourceTree = "<group>";
		};
		686C867C2304FD1A00B23059 /* Package */ = {
			isa = PBXGroup;
			children = (
				68116830231370080061377A /* TrackingHistory */,
				686C867D2304FD2F00B23059 /* PackageController.swift */,
				6811683A231C14340061377A /* DaysLeftView.swift */,
				68759AB423734FA1002E493C /* PackageBackgroundShapeView.swift */,
			);
			path = Package;
			sourceTree = "<group>";
		};
		686C867F2304FE6300B23059 /* extensions */ = {
			isa = PBXGroup;
			children = (
				686C86802304FE7300B23059 /* UiColor+Theme.swift */,
				686C868523064FF400B23059 /* UIView+helpers.swift */,
				68F54EB72332B93A0052DA58 /* UIButton+helpers.swift */,
				68F54EB923340AF80052DA58 /* UILabel+helpers.swift */,
				68F6993F233A5695008CB7AF /* UIStackView+helpers.swift */,
				68650A76236F3CFB002801D2 /* UITextField+helpers.swift */,
			);
			path = extensions;
			sourceTree = "<group>";
		};
		6873585923831255005A57B9 /* View */ = {
			isa = PBXGroup;
			children = (
				686C86762302598300B23059 /* PackageCell.swift */,
				680A1F65232182F200A66340 /* AddPackageButton.swift */,
				68759AB62373B217002E493C /* BlueBackgroundView.swift */,
			);
			path = View;
			sourceTree = "<group>";
		};
		68B91DF1236F3A600058F49F /* Carrier */ = {
			isa = PBXGroup;
			children = (
				68B91DEF236E08D50058F49F /* Carrier.swift */,
				68759A8C236F51D3002E493C /* AddPackageModal+UIPickerViewDataSource.swift */,
				68759A8E236F5531002E493C /* AddPackageModal+ UIPickerViewDelegate.swift */,
				68759A9023709462002E493C /* ToolbarPickerView.swift */,
			);
			path = Carrier;
			sourceTree = "<group>";
		};
		68CB6B9B2341923300257ED1 /* GoogleCloud */ = {
			isa = PBXGroup;
			children = (
				68CB6B9923412A1700257ED1 /* GMapsController.swift */,
				68F69943233A7B48008CB7AF /* GeocodingAPI */,
			);
			path = GoogleCloud;
			sourceTree = "<group>";
		};
		68F69943233A7B48008CB7AF /* GeocodingAPI */ = {
			isa = PBXGroup;
			children = (
				68F69941233A7B21008CB7AF /* GeocodingService.swift */,
				6805D81A233AA8F500B48458 /* Coordinate.swift */,
			);
			path = GeocodingAPI;
			sourceTree = "<group>";
		};
		84528AF1FFD4FCFCD9A71192 /* Pods */ = {
			isa = PBXGroup;
			children = (
				6990F8442428F1D4B05DA5D7 /* Pods-PackTrack.debug.xcconfig */,
				05654B2B270C0C3B4CFE8E1B /* Pods-PackTrack.release.xcconfig */,
			);
			path = Pods;
			sourceTree = "<group>";
		};
		E5E61E8BBBEA524C74841374 /* Frameworks */ = {
			isa = PBXGroup;
			children = (
				F45768AC3A43A21BD7457446 /* libPods-PackTrack.a */,
			);
			name = Frameworks;
			sourceTree = "<group>";
		};
/* End PBXGroup section */

/* Begin PBXNativeTarget section */
		686C865B22FFC7C200B23059 /* PackTrack */ = {
			isa = PBXNativeTarget;
			buildConfigurationList = 686C867022FFC7C300B23059 /* Build configuration list for PBXNativeTarget "PackTrack" */;
			buildPhases = (
				E814CAA6903E207D7FD135F1 /* [CP] Check Pods Manifest.lock */,
				686C865822FFC7C200B23059 /* Sources */,
				686C865922FFC7C200B23059 /* Frameworks */,
				686C865A22FFC7C200B23059 /* Resources */,
				58CA081D7168114088DA4EAF /* [CP] Copy Pods Resources */,
			);
			buildRules = (
			);
			dependencies = (
			);
			name = PackTrack;
			productName = PackTrack;
			productReference = 686C865C22FFC7C200B23059 /* PackTrack.app */;
			productType = "com.apple.product-type.application";
		};
/* End PBXNativeTarget section */

/* Begin PBXProject section */
		686C865422FFC7C200B23059 /* Project object */ = {
			isa = PBXProject;
			attributes = {
				LastSwiftUpdateCheck = 1100;
				LastUpgradeCheck = 1100;
				ORGANIZATIONNAME = "Mark Mansur";
				TargetAttributes = {
					686C865B22FFC7C200B23059 = {
						CreatedOnToolsVersion = 11.0;
					};
				};
			};
			buildConfigurationList = 686C865722FFC7C200B23059 /* Build configuration list for PBXProject "PackTrack" */;
			compatibilityVersion = "Xcode 9.3";
			developmentRegion = en;
			hasScannedForEncodings = 0;
			knownRegions = (
				en,
				Base,
			);
			mainGroup = 686C865322FFC7C200B23059;
			productRefGroup = 686C865D22FFC7C200B23059 /* Products */;
			projectDirPath = "";
			projectRoot = "";
			targets = (
				686C865B22FFC7C200B23059 /* PackTrack */,
			);
		};
/* End PBXProject section */

/* Begin PBXResourcesBuildPhase section */
		686C865A22FFC7C200B23059 /* Resources */ = {
			isa = PBXResourcesBuildPhase;
			buildActionMask = 2147483647;
			files = (
				681364F0231E0C6800C996EB /* mapStyle.json in Resources */,
				686C866C22FFC7C300B23059 /* LaunchScreen.storyboard in Resources */,
				686C866922FFC7C300B23059 /* Assets.xcassets in Resources */,
			);
			runOnlyForDeploymentPostprocessing = 0;
		};
/* End PBXResourcesBuildPhase section */

/* Begin PBXShellScriptBuildPhase section */
		58CA081D7168114088DA4EAF /* [CP] Copy Pods Resources */ = {
			isa = PBXShellScriptBuildPhase;
			buildActionMask = 2147483647;
			files = (
			);
			inputFileListPaths = (
				"${PODS_ROOT}/Target Support Files/Pods-PackTrack/Pods-PackTrack-resources-${CONFIGURATION}-input-files.xcfilelist",
			);
			name = "[CP] Copy Pods Resources";
			outputFileListPaths = (
				"${PODS_ROOT}/Target Support Files/Pods-PackTrack/Pods-PackTrack-resources-${CONFIGURATION}-output-files.xcfilelist",
			);
			runOnlyForDeploymentPostprocessing = 0;
			shellPath = /bin/sh;
			shellScript = "\"${PODS_ROOT}/Target Support Files/Pods-PackTrack/Pods-PackTrack-resources.sh\"\n";
			showEnvVarsInLog = 0;
		};
		E814CAA6903E207D7FD135F1 /* [CP] Check Pods Manifest.lock */ = {
			isa = PBXShellScriptBuildPhase;
			buildActionMask = 2147483647;
			files = (
			);
			inputFileListPaths = (
			);
			inputPaths = (
				"${PODS_PODFILE_DIR_PATH}/Podfile.lock",
				"${PODS_ROOT}/Manifest.lock",
			);
			name = "[CP] Check Pods Manifest.lock";
			outputFileListPaths = (
			);
			outputPaths = (
				"$(DERIVED_FILE_DIR)/Pods-PackTrack-checkManifestLockResult.txt",
			);
			runOnlyForDeploymentPostprocessing = 0;
			shellPath = /bin/sh;
			shellScript = "diff \"${PODS_PODFILE_DIR_PATH}/Podfile.lock\" \"${PODS_ROOT}/Manifest.lock\" > /dev/null\nif [ $? != 0 ] ; then\n    # print error to STDERR\n    echo \"error: The sandbox is not in sync with the Podfile.lock. Run 'pod install' or update your CocoaPods installation.\" >&2\n    exit 1\nfi\n# This output is used by Xcode 'outputs' to avoid re-running this script phase.\necho \"SUCCESS\" > \"${SCRIPT_OUTPUT_FILE_0}\"\n";
			showEnvVarsInLog = 0;
		};
/* End PBXShellScriptBuildPhase section */

/* Begin PBXSourcesBuildPhase section */
		686C865822FFC7C200B23059 /* Sources */ = {
			isa = PBXSourcesBuildPhase;
			buildActionMask = 2147483647;
			files = (
				686C86772302598300B23059 /* PackageCell.swift in Sources */,
				681168322313701E0061377A /* TrackingHistoryController.swift in Sources */,
				6811682D2308D1490061377A /* BackendService.swift in Sources */,
				6811682923089F580061377A /* PackagesViewModel.swift in Sources */,
				68116837231386410061377A /* TrackingHistoryCell.swift in Sources */,
				68759A8F236F5531002E493C /* AddPackageModal+ UIPickerViewDelegate.swift in Sources */,
				680A1F6D23312BE800A66340 /* AddPackageModalVC.swift in Sources */,
				686C86812304FE7300B23059 /* UiColor+Theme.swift in Sources */,
				686C867923025AD000B23059 /* Package.swift in Sources */,
				68759A9123709463002E493C /* ToolbarPickerView.swift in Sources */,
				68759A8D236F51D3002E493C /* AddPackageModal+UIPickerViewDataSource.swift in Sources */,
				686C867E2304FD2F00B23059 /* PackageController.swift in Sources */,
				686C866422FFC7C200B23059 /* PackagesController.swift in Sources */,
				686C866022FFC7C200B23059 /* AppDelegate.swift in Sources */,
				68F753E62308433C008575AF /* PackTrackModels.xcdatamodeld in Sources */,
				68CB6B9A23412A1800257ED1 /* GMapsController.swift in Sources */,
				68B91DF0236E08D50058F49F /* Carrier.swift in Sources */,
				68F69940233A5695008CB7AF /* UIStackView+helpers.swift in Sources */,
				68F54EB82332B93A0052DA58 /* UIButton+helpers.swift in Sources */,
				6805D81B233AA8F500B48458 /* Coordinate.swift in Sources */,
				68116835231370700061377A /* TrackingHistoryViewModel.swift in Sources */,
				68759AB72373B217002E493C /* BlueBackgroundView.swift in Sources */,
				686C868623064FF400B23059 /* UIView+helpers.swift in Sources */,
				68650A77236F3CFB002801D2 /* UITextField+helpers.swift in Sources */,
				68F54EBA23340AF80052DA58 /* UILabel+helpers.swift in Sources */,
				68F69942233A7B21008CB7AF /* GeocodingService.swift in Sources */,
				6811683923138E820061377A /* TrackingHistoryController+TableView.swift in Sources */,
				680A1F66232182F200A66340 /* AddPackageButton.swift in Sources */,
				6811683B231C14340061377A /* DaysLeftView.swift in Sources */,
				686C86742301068E00B23059 /* SceneDelegate.swift in Sources */,
				686C867B2304EF8E00B23059 /* PackagesController+CollectionView.swift in Sources */,
				6811682F2308D1800061377A /* JSONModels.swift in Sources */,
				68759AB523734FA1002E493C /* PackageBackgroundShapeView.swift in Sources */,
				681168272308614D0061377A /* CoreDataManager.swift in Sources */,
				680A1F6B23301D3B00A66340 /* EnvironmentVariables.swift in Sources */,
			);
			runOnlyForDeploymentPostprocessing = 0;
		};
/* End PBXSourcesBuildPhase section */

/* Begin PBXVariantGroup section */
		686C866A22FFC7C300B23059 /* LaunchScreen.storyboard */ = {
			isa = PBXVariantGroup;
			children = (
				686C866B22FFC7C300B23059 /* Base */,
			);
			name = LaunchScreen.storyboard;
			sourceTree = "<group>";
		};
/* End PBXVariantGroup section */

/* Begin XCBuildConfiguration section */
		686C866E22FFC7C300B23059 /* Debug */ = {
			isa = XCBuildConfiguration;
			buildSettings = {
				ALWAYS_SEARCH_USER_PATHS = NO;
				CLANG_ANALYZER_NONNULL = YES;
				CLANG_ANALYZER_NUMBER_OBJECT_CONVERSION = YES_AGGRESSIVE;
				CLANG_CXX_LANGUAGE_STANDARD = "gnu++14";
				CLANG_CXX_LIBRARY = "libc++";
				CLANG_ENABLE_MODULES = YES;
				CLANG_ENABLE_OBJC_ARC = YES;
				CLANG_ENABLE_OBJC_WEAK = YES;
				CLANG_WARN_BLOCK_CAPTURE_AUTORELEASING = YES;
				CLANG_WARN_BOOL_CONVERSION = YES;
				CLANG_WARN_COMMA = YES;
				CLANG_WARN_CONSTANT_CONVERSION = YES;
				CLANG_WARN_DEPRECATED_OBJC_IMPLEMENTATIONS = YES;
				CLANG_WARN_DIRECT_OBJC_ISA_USAGE = YES_ERROR;
				CLANG_WARN_DOCUMENTATION_COMMENTS = YES;
				CLANG_WARN_EMPTY_BODY = YES;
				CLANG_WARN_ENUM_CONVERSION = YES;
				CLANG_WARN_INFINITE_RECURSION = YES;
				CLANG_WARN_INT_CONVERSION = YES;
				CLANG_WARN_NON_LITERAL_NULL_CONVERSION = YES;
				CLANG_WARN_OBJC_IMPLICIT_RETAIN_SELF = YES;
				CLANG_WARN_OBJC_LITERAL_CONVERSION = YES;
				CLANG_WARN_OBJC_ROOT_CLASS = YES_ERROR;
				CLANG_WARN_RANGE_LOOP_ANALYSIS = YES;
				CLANG_WARN_STRICT_PROTOTYPES = YES;
				CLANG_WARN_SUSPICIOUS_MOVE = YES;
				CLANG_WARN_UNGUARDED_AVAILABILITY = YES_AGGRESSIVE;
				CLANG_WARN_UNREACHABLE_CODE = YES;
				CLANG_WARN__DUPLICATE_METHOD_MATCH = YES;
				COPY_PHASE_STRIP = NO;
				DEBUG_INFORMATION_FORMAT = dwarf;
				ENABLE_STRICT_OBJC_MSGSEND = YES;
				ENABLE_TESTABILITY = YES;
				GCC_C_LANGUAGE_STANDARD = gnu11;
				GCC_DYNAMIC_NO_PIC = NO;
				GCC_NO_COMMON_BLOCKS = YES;
				GCC_OPTIMIZATION_LEVEL = 0;
				GCC_PREPROCESSOR_DEFINITIONS = (
					"DEBUG=1",
					"$(inherited)",
				);
				GCC_WARN_64_TO_32_BIT_CONVERSION = YES;
				GCC_WARN_ABOUT_RETURN_TYPE = YES_ERROR;
				GCC_WARN_UNDECLARED_SELECTOR = YES;
				GCC_WARN_UNINITIALIZED_AUTOS = YES_AGGRESSIVE;
				GCC_WARN_UNUSED_FUNCTION = YES;
				GCC_WARN_UNUSED_VARIABLE = YES;
				IPHONEOS_DEPLOYMENT_TARGET = 13.0;
				MTL_ENABLE_DEBUG_INFO = INCLUDE_SOURCE;
				MTL_FAST_MATH = YES;
				ONLY_ACTIVE_ARCH = YES;
				SDKROOT = iphoneos;
				SWIFT_ACTIVE_COMPILATION_CONDITIONS = DEBUG;
				SWIFT_OPTIMIZATION_LEVEL = "-Onone";
			};
			name = Debug;
		};
		686C866F22FFC7C300B23059 /* Release */ = {
			isa = XCBuildConfiguration;
			buildSettings = {
				ALWAYS_SEARCH_USER_PATHS = NO;
				CLANG_ANALYZER_NONNULL = YES;
				CLANG_ANALYZER_NUMBER_OBJECT_CONVERSION = YES_AGGRESSIVE;
				CLANG_CXX_LANGUAGE_STANDARD = "gnu++14";
				CLANG_CXX_LIBRARY = "libc++";
				CLANG_ENABLE_MODULES = YES;
				CLANG_ENABLE_OBJC_ARC = YES;
				CLANG_ENABLE_OBJC_WEAK = YES;
				CLANG_WARN_BLOCK_CAPTURE_AUTORELEASING = YES;
				CLANG_WARN_BOOL_CONVERSION = YES;
				CLANG_WARN_COMMA = YES;
				CLANG_WARN_CONSTANT_CONVERSION = YES;
				CLANG_WARN_DEPRECATED_OBJC_IMPLEMENTATIONS = YES;
				CLANG_WARN_DIRECT_OBJC_ISA_USAGE = YES_ERROR;
				CLANG_WARN_DOCUMENTATION_COMMENTS = YES;
				CLANG_WARN_EMPTY_BODY = YES;
				CLANG_WARN_ENUM_CONVERSION = YES;
				CLANG_WARN_INFINITE_RECURSION = YES;
				CLANG_WARN_INT_CONVERSION = YES;
				CLANG_WARN_NON_LITERAL_NULL_CONVERSION = YES;
				CLANG_WARN_OBJC_IMPLICIT_RETAIN_SELF = YES;
				CLANG_WARN_OBJC_LITERAL_CONVERSION = YES;
				CLANG_WARN_OBJC_ROOT_CLASS = YES_ERROR;
				CLANG_WARN_RANGE_LOOP_ANALYSIS = YES;
				CLANG_WARN_STRICT_PROTOTYPES = YES;
				CLANG_WARN_SUSPICIOUS_MOVE = YES;
				CLANG_WARN_UNGUARDED_AVAILABILITY = YES_AGGRESSIVE;
				CLANG_WARN_UNREACHABLE_CODE = YES;
				CLANG_WARN__DUPLICATE_METHOD_MATCH = YES;
				COPY_PHASE_STRIP = NO;
				DEBUG_INFORMATION_FORMAT = "dwarf-with-dsym";
				ENABLE_NS_ASSERTIONS = NO;
				ENABLE_STRICT_OBJC_MSGSEND = YES;
				GCC_C_LANGUAGE_STANDARD = gnu11;
				GCC_NO_COMMON_BLOCKS = YES;
				GCC_WARN_64_TO_32_BIT_CONVERSION = YES;
				GCC_WARN_ABOUT_RETURN_TYPE = YES_ERROR;
				GCC_WARN_UNDECLARED_SELECTOR = YES;
				GCC_WARN_UNINITIALIZED_AUTOS = YES_AGGRESSIVE;
				GCC_WARN_UNUSED_FUNCTION = YES;
				GCC_WARN_UNUSED_VARIABLE = YES;
				IPHONEOS_DEPLOYMENT_TARGET = 13.0;
				MTL_ENABLE_DEBUG_INFO = NO;
				MTL_FAST_MATH = YES;
				SDKROOT = iphoneos;
				SWIFT_COMPILATION_MODE = wholemodule;
				SWIFT_OPTIMIZATION_LEVEL = "-O";
				VALIDATE_PRODUCT = YES;
			};
			name = Release;
		};
		686C867122FFC7C300B23059 /* Debug */ = {
			isa = XCBuildConfiguration;
			baseConfigurationReference = 6990F8442428F1D4B05DA5D7 /* Pods-PackTrack.debug.xcconfig */;
			buildSettings = {
				ASSETCATALOG_COMPILER_APPICON_NAME = AppIcon;
				CODE_SIGN_STYLE = Automatic;
				DEVELOPMENT_TEAM = EYSSST7CZ9;
				INFOPLIST_FILE = PackTrack/Info.plist;
				LD_RUNPATH_SEARCH_PATHS = (
					"$(inherited)",
					"@executable_path/Frameworks",
				);
				PRODUCT_BUNDLE_IDENTIFIER = markmansur.PackTrack;
				PRODUCT_NAME = "$(TARGET_NAME)";
				SWIFT_VERSION = 5.0;
				TARGETED_DEVICE_FAMILY = "1,2";
			};
			name = Debug;
		};
		686C867222FFC7C300B23059 /* Release */ = {
			isa = XCBuildConfiguration;
			baseConfigurationReference = 05654B2B270C0C3B4CFE8E1B /* Pods-PackTrack.release.xcconfig */;
			buildSettings = {
				ASSETCATALOG_COMPILER_APPICON_NAME = AppIcon;
				CODE_SIGN_STYLE = Automatic;
				DEVELOPMENT_TEAM = EYSSST7CZ9;
				INFOPLIST_FILE = PackTrack/Info.plist;
				LD_RUNPATH_SEARCH_PATHS = (
					"$(inherited)",
					"@executable_path/Frameworks",
				);
				PRODUCT_BUNDLE_IDENTIFIER = markmansur.PackTrack;
				PRODUCT_NAME = "$(TARGET_NAME)";
				SWIFT_VERSION = 5.0;
				TARGETED_DEVICE_FAMILY = "1,2";
			};
			name = Release;
		};
/* End XCBuildConfiguration section */

/* Begin XCConfigurationList section */
		686C865722FFC7C200B23059 /* Build configuration list for PBXProject "PackTrack" */ = {
			isa = XCConfigurationList;
			buildConfigurations = (
				686C866E22FFC7C300B23059 /* Debug */,
				686C866F22FFC7C300B23059 /* Release */,
			);
			defaultConfigurationIsVisible = 0;
			defaultConfigurationName = Release;
		};
		686C867022FFC7C300B23059 /* Build configuration list for PBXNativeTarget "PackTrack" */ = {
			isa = XCConfigurationList;
			buildConfigurations = (
				686C867122FFC7C300B23059 /* Debug */,
				686C867222FFC7C300B23059 /* Release */,
			);
			defaultConfigurationIsVisible = 0;
			defaultConfigurationName = Release;
		};
/* End XCConfigurationList section */

/* Begin XCVersionGroup section */
		68F753E42308433C008575AF /* PackTrackModels.xcdatamodeld */ = {
			isa = XCVersionGroup;
			children = (
				68F753E52308433C008575AF /* PackTrackModels.xcdatamodel */,
			);
			currentVersion = 68F753E52308433C008575AF /* PackTrackModels.xcdatamodel */;
			path = PackTrackModels.xcdatamodeld;
			sourceTree = SOURCE_ROOT;
			versionGroupType = wrapper.xcdatamodel;
		};
/* End XCVersionGroup section */
	};
	rootObject = 686C865422FFC7C200B23059 /* Project object */;
}
